
Microsoft Visual Studio Solution File, Format Version 12.00
# Visual Studio Version 16
VisualStudioVersion = 16.0.30413.136
MinimumVisualStudioVersion = 10.0.40219.1
Project("{888888A0-9F3D-457C-B088-3A5042F75D52}") = "Aken", "Aken\Aken.pyproj", "{49CA4B4E-7CCD-4DCD-B5B3-F8AAFD40F834}"
EndProject
Global
	GlobalSection(SolutionConfigurationPlatforms) = preSolution
		Debug|Any CPU = Debug|Any CPU
		Release|Any CPU = Release|Any CPU
	EndGlobalSection
	GlobalSection(ProjectConfigurationPlatforms) = postSolution
		{49CA4B4E-7CCD-4DCD-B5B3-F8AAFD40F834}.Debug|Any CPU.ActiveCfg = Debug|Any CPU
		{49CA4B4E-7CCD-4DCD-B5B3-F8AAFD40F834}.Release|Any CPU.ActiveCfg = Release|Any CPU
	EndGlobalSection
	GlobalSection(SolutionProperties) = preSolution
		HideSolutionNode = FALSE
	EndGlobalSection
	GlobalSection(ExtensibilityGlobals) = postSolution
		SolutionGuid = {64C4CBA0-434C-4425-8E68-F15FF8630917}
	EndGlobalSection
EndGlobal
